
Microsoft Visual Studio Solution File, Format Version 12.00
# Visual Studio 15
VisualStudioVersion = 15.0.28307.168
MinimumVisualStudioVersion = 10.0.40219.1
Project("{FAE04EC0-301F-11D3-BF4B-00C04F79EFBC}") = "myfirstwebapplication", "myfirstwebapplication\myfirstwebapplication.csproj", "{DE7CC47B-4455-4672-AD8E-51320A95EFFF}"
EndProject
Global
	GlobalSection(SolutionConfigurationPlatforms) = preSolution
		Debug|Any CPU = Debug|Any CPU
		Release|Any CPU = Release|Any CPU
	EndGlobalSection
	GlobalSection(ProjectConfigurationPlatforms) = postSolution
		{DE7CC47B-4455-4672-AD8E-51320A95EFFF}.Debug|Any CPU.ActiveCfg = Debug|Any CPU
		{DE7CC47B-4455-4672-AD8E-51320A95EFFF}.Debug|Any CPU.Build.0 = Debug|Any CPU
		{DE7CC47B-4455-4672-AD8E-51320A95EFFF}.Release|Any CPU.ActiveCfg = Release|Any CPU
		{DE7CC47B-4455-4672-AD8E-51320A95EFFF}.Release|Any CPU.Build.0 = Release|Any CPU
	EndGlobalSection
	GlobalSection(SolutionProperties) = preSolution
		HideSolutionNode = FALSE
	EndGlobalSection
	GlobalSection(ExtensibilityGlobals) = postSolution
		SolutionGuid = {46677ADB-8A83-4FF4-8C99-F960580723FB}
	EndGlobalSection
EndGlobal
